
Microsoft Visual Studio Solution File, Format Version 12.00
# Visual Studio 15
VisualStudioVersion = 15.0.27004.2010
MinimumVisualStudioVersion = 10.0.40219.1
Project("{2150E333-8FDC-42A3-9474-1A3956D46DE8}") = "SysEnv", "SysEnv", "{2AD9C1DA-B713-4301-A618-3E44C8F44C42}"
	ProjectSection(SolutionItems) = preProject
		SysEnvVars(.Net4.x)\Properties\AssemblyInfo.cs = SysEnvVars(.Net4.x)\Properties\AssemblyInfo.cs
	EndProjectSection
EndProject
Project("{9A19103F-16F7-4668-BE54-9A1E7A4F7556}") = "SysEnvVars(.NetCore)", "SysEnvVars(.NetCore)\SysEnvVars(.NetCore).csproj", "{385234D3-E57E-450B-9C73-AA87EF258FC5}"
EndProject
Project("{FAE04EC0-301F-11D3-BF4B-00C04F79EFBC}") = "SysEnvVars(.Net4.x)", "SysEnvVars(.Net4.x)\SysEnvVars(.Net4.x).csproj", "{C3FAFCC8-A7B8-4240-A14B-D2E54785703C}"
EndProject
Global
	GlobalSection(SolutionConfigurationPlatforms) = preSolution
		Debug|Any CPU = Debug|Any CPU
		Debug|x64 = Debug|x64
		Release|Any CPU = Release|Any CPU
		Release|x64 = Release|x64
	EndGlobalSection
	GlobalSection(ProjectConfigurationPlatforms) = postSolution
		{385234D3-E57E-450B-9C73-AA87EF258FC5}.Debug|Any CPU.ActiveCfg = Debug|Any CPU
		{385234D3-E57E-450B-9C73-AA87EF258FC5}.Debug|Any CPU.Build.0 = Debug|Any CPU
		{385234D3-E57E-450B-9C73-AA87EF258FC5}.Debug|x64.ActiveCfg = Debug|Any CPU
		{385234D3-E57E-450B-9C73-AA87EF258FC5}.Release|Any CPU.ActiveCfg = Release|Any CPU
		{385234D3-E57E-450B-9C73-AA87EF258FC5}.Release|Any CPU.Build.0 = Release|Any CPU
		{385234D3-E57E-450B-9C73-AA87EF258FC5}.Release|x64.ActiveCfg = Release|Any CPU
		{C3FAFCC8-A7B8-4240-A14B-D2E54785703C}.Debug|Any CPU.ActiveCfg = Debug|Any CPU
		{C3FAFCC8-A7B8-4240-A14B-D2E54785703C}.Debug|Any CPU.Build.0 = Debug|Any CPU
		{C3FAFCC8-A7B8-4240-A14B-D2E54785703C}.Debug|x64.ActiveCfg = Debug|Any CPU
		{C3FAFCC8-A7B8-4240-A14B-D2E54785703C}.Release|Any CPU.ActiveCfg = Release|Any CPU
		{C3FAFCC8-A7B8-4240-A14B-D2E54785703C}.Release|Any CPU.Build.0 = Release|Any CPU
		{C3FAFCC8-A7B8-4240-A14B-D2E54785703C}.Release|x64.ActiveCfg = Release|Any CPU
	EndGlobalSection
	GlobalSection(SolutionProperties) = preSolution
		HideSolutionNode = FALSE
	EndGlobalSection
	GlobalSection(NestedProjects) = preSolution
		{385234D3-E57E-450B-9C73-AA87EF258FC5} = {2AD9C1DA-B713-4301-A618-3E44C8F44C42}
		{C3FAFCC8-A7B8-4240-A14B-D2E54785703C} = {2AD9C1DA-B713-4301-A618-3E44C8F44C42}
	EndGlobalSection
	GlobalSection(ExtensibilityGlobals) = postSolution
		SolutionGuid = {80A713CE-38E0-41AD-9B1B-0B3CE603E718}
	EndGlobalSection
EndGlobal
